
Microsoft Visual Studio Solution File, Format Version 10.00
# Visual Studio 2008
Project("{FAE04EC0-301F-11D3-BF4B-00C04F79EFBC}") = "FunctionalCSharp", "FunctionalCSharp\FunctionalCSharp.csproj", "{DC55BA21-EEBF-4488-9ABA-BEA806EA9A07}"
EndProject
Project("{FAE04EC0-301F-11D3-BF4B-00C04F79EFBC}") = "FunctionalCSharpTests", "FunctionalCSharpTests\FunctionalCSharpTests.csproj", "{C5DACBFD-AF8B-4751-B235-25B67969AAD1}"
EndProject
Project("{2150E333-8FDC-42A3-9474-1A3956D46DE8}") = "Documents", "Documents", "{A0CD7C2E-7D6F-46DE-9FC7-104004F690C3}"
	ProjectSection(SolutionItems) = preProject
		License.htm = License.htm
	EndProjectSection
EndProject
Global
	GlobalSection(TeamFoundationVersionControl) = preSolution
		SccNumberOfProjects = 3
		SccEnterpriseProvider = {4CA58AB2-18FA-4F8D-95D4-32DDF27D184C}
		SccTeamFoundationServer = https://tfs09.codeplex.com/
		SccLocalPath0 = .
		SccProjectUniqueName1 = FunctionalCSharp\\FunctionalCSharp.csproj
		SccProjectName1 = FunctionalCSharp
		SccLocalPath1 = FunctionalCSharp
		SccProjectUniqueName2 = FunctionalCSharpTests\\FunctionalCSharpTests.csproj
		SccProjectName2 = FunctionalCSharpTests
		SccLocalPath2 = FunctionalCSharpTests
	EndGlobalSection
	GlobalSection(SolutionConfigurationPlatforms) = preSolution
		Debug|Any CPU = Debug|Any CPU
		Release|Any CPU = Release|Any CPU
	EndGlobalSection
	GlobalSection(ProjectConfigurationPlatforms) = postSolution
		{DC55BA21-EEBF-4488-9ABA-BEA806EA9A07}.Debug|Any CPU.ActiveCfg = Debug|Any CPU
		{DC55BA21-EEBF-4488-9ABA-BEA806EA9A07}.Debug|Any CPU.Build.0 = Debug|Any CPU
		{DC55BA21-EEBF-4488-9ABA-BEA806EA9A07}.Release|Any CPU.ActiveCfg = Release|Any CPU
		{DC55BA21-EEBF-4488-9ABA-BEA806EA9A07}.Release|Any CPU.Build.0 = Release|Any CPU
		{C5DACBFD-AF8B-4751-B235-25B67969AAD1}.Debug|Any CPU.ActiveCfg = Debug|Any CPU
		{C5DACBFD-AF8B-4751-B235-25B67969AAD1}.Debug|Any CPU.Build.0 = Debug|Any CPU
		{C5DACBFD-AF8B-4751-B235-25B67969AAD1}.Release|Any CPU.ActiveCfg = Release|Any CPU
		{C5DACBFD-AF8B-4751-B235-25B67969AAD1}.Release|Any CPU.Build.0 = Release|Any CPU
	EndGlobalSection
	GlobalSection(SolutionProperties) = preSolution
		HideSolutionNode = FALSE
	EndGlobalSection
EndGlobal
